{
  "name": "leaflet.gridline",
  "version": "1.0.0",
  "lockfileVersion": 1,
  "requires": true,
  "dependencies": {
    "latlon-geohash": {
      "version": "2.0.0",
      "resolved": "https://registry.npm.taobao.org/latlon-geohash/download/latlon-geohash-2.0.0.tgz",
      "integrity": "sha1-KwIDqzDvVqGGALAxK4w6Yny9F9E="
    },
    "leaflet": {
      "version": "1.6.0",
      "resolved": "https://registry.npm.taobao.org/leaflet/download/leaflet-1.6.0.tgz",
      "integrity": "sha1-rsuwRLlJ7ClGnusxx3qI4vRI8wg="
    },
    "lodash": {
      "version": "4.17.15",
      "resolved": "https://registry.npm.taobao.org/lodash/download/lodash-4.17.15.tgz",
      "integrity": "sha1-tEf2ZwoEVbv+7dETku/zMOoJdUg="
    }
  }
}
